
Microsoft Visual Studio Solution File, Format Version 11.00
# Visual Studio 2010
Project("{F184B08F-C81C-45F6-A57F-5ABD9991F28F}") = "SeriesManager", "SeriesManager.vbproj", "{26D1782F-3E0E-42EF-9E60-64BFAFD3D88A}"
EndProject
Project("{2150E333-8FDC-42A3-9474-1A3956D46DE8}") = "Solution Items", "Solution Items", "{E8A3F7E6-6284-49C4-868A-315C20726DD8}"
	ProjectSection(SolutionItems) = preProject
		Local.testsettings = Local.testsettings
		SeriesManager.vsmdi = SeriesManager.vsmdi
		TraceAndTestImpact.testsettings = TraceAndTestImpact.testsettings
	EndProjectSection
EndProject
Global
	GlobalSection(TestCaseManagementSettings) = postSolution
		CategoryFile = SeriesManager.vsmdi
	EndGlobalSection
	GlobalSection(SolutionConfigurationPlatforms) = preSolution
		Debug|Any CPU = Debug|Any CPU
		Debug|Mixed Platforms = Debug|Mixed Platforms
		Debug|x86 = Debug|x86
		Release|Any CPU = Release|Any CPU
		Release|Mixed Platforms = Release|Mixed Platforms
		Release|x86 = Release|x86
	EndGlobalSection
	GlobalSection(ProjectConfigurationPlatforms) = postSolution
		{26D1782F-3E0E-42EF-9E60-64BFAFD3D88A}.Debug|Any CPU.ActiveCfg = Debug|x86
		{26D1782F-3E0E-42EF-9E60-64BFAFD3D88A}.Debug|Mixed Platforms.ActiveCfg = Debug|x86
		{26D1782F-3E0E-42EF-9E60-64BFAFD3D88A}.Debug|Mixed Platforms.Build.0 = Debug|x86
		{26D1782F-3E0E-42EF-9E60-64BFAFD3D88A}.Debug|x86.ActiveCfg = Debug|x86
		{26D1782F-3E0E-42EF-9E60-64BFAFD3D88A}.Debug|x86.Build.0 = Debug|x86
		{26D1782F-3E0E-42EF-9E60-64BFAFD3D88A}.Release|Any CPU.ActiveCfg = Release|x86
		{26D1782F-3E0E-42EF-9E60-64BFAFD3D88A}.Release|Mixed Platforms.ActiveCfg = Release|x86
		{26D1782F-3E0E-42EF-9E60-64BFAFD3D88A}.Release|Mixed Platforms.Build.0 = Release|x86
		{26D1782F-3E0E-42EF-9E60-64BFAFD3D88A}.Release|x86.ActiveCfg = Release|x86
		{26D1782F-3E0E-42EF-9E60-64BFAFD3D88A}.Release|x86.Build.0 = Release|x86
	EndGlobalSection
	GlobalSection(SolutionProperties) = preSolution
		HideSolutionNode = FALSE
	EndGlobalSection
	GlobalSection(ExtensibilityGlobals) = postSolution
		VisualSVNWorkingCopyRoot = .
	EndGlobalSection
EndGlobal
